
Microsoft Visual Studio Solution File, Format Version 12.00
# Visual Studio 15
VisualStudioVersion = 15.0.28010.2003
MinimumVisualStudioVersion = 10.0.40219.1
Project("{FAE04EC0-301F-11D3-BF4B-00C04F79EFBC}") = "virshlib", "virshlib\virshlib.csproj", "{58591147-4026-470F-BFD5-7D3DB95E59A6}"
EndProject
Project("{FAE04EC0-301F-11D3-BF4B-00C04F79EFBC}") = "virshlib.test", "virshlib.test\virshlib.test.csproj", "{6ED9B7DE-43B2-40DB-A464-CCD917B89326}"
EndProject
Global
	GlobalSection(SolutionConfigurationPlatforms) = preSolution
		Debug|Any CPU = Debug|Any CPU
		Release|Any CPU = Release|Any CPU
	EndGlobalSection
	GlobalSection(ProjectConfigurationPlatforms) = postSolution
		{58591147-4026-470F-BFD5-7D3DB95E59A6}.Debug|Any CPU.ActiveCfg = Debug|Any CPU
		{58591147-4026-470F-BFD5-7D3DB95E59A6}.Debug|Any CPU.Build.0 = Debug|Any CPU
		{58591147-4026-470F-BFD5-7D3DB95E59A6}.Release|Any CPU.ActiveCfg = Release|Any CPU
		{58591147-4026-470F-BFD5-7D3DB95E59A6}.Release|Any CPU.Build.0 = Release|Any CPU
		{6ED9B7DE-43B2-40DB-A464-CCD917B89326}.Debug|Any CPU.ActiveCfg = Debug|Any CPU
		{6ED9B7DE-43B2-40DB-A464-CCD917B89326}.Debug|Any CPU.Build.0 = Debug|Any CPU
		{6ED9B7DE-43B2-40DB-A464-CCD917B89326}.Release|Any CPU.ActiveCfg = Release|Any CPU
		{6ED9B7DE-43B2-40DB-A464-CCD917B89326}.Release|Any CPU.Build.0 = Release|Any CPU
	EndGlobalSection
	GlobalSection(SolutionProperties) = preSolution
		HideSolutionNode = FALSE
	EndGlobalSection
	GlobalSection(ExtensibilityGlobals) = postSolution
		SolutionGuid = {99FC89AE-4A4C-4196-853D-5E3E97E69928}
	EndGlobalSection
EndGlobal
